{
  "nodes": {
    "nixpkgs": {
      "locked": {
        "lastModified": 1790149054,
        "narHash": "sha256-fcRceL4EcNlsCY2GWwzfIVrJyjbA2lpQSuljkc8UXOw=",
        "rev": "8825bebf6324e0579d012936eff73379af284b6d",
        "type": "tarball",
        "url": "https://releases.nixos.org/nixpkgs/nixpkgs-26.11pre1078395.8825bebf6324/nixexprs.tar.zst"
      },
      "original": {
        "type": "tarball",
        "url": "https://channels.nixos.org/nixpkgs-unstable/nixexprs.tar.zst"
      }
    },
    "root": {
      "inputs": {
        "nixpkgs": "nixpkgs"
      }
    }
  },
  "root": "root",
  "version": 7
}
